
Microsoft Visual Studio Solution File, Format Version 12.00
# Visual Studio Version 17
VisualStudioVersion = 17.11.35303.130
MinimumVisualStudioVersion = 10.0.40219.1
Project("{FAE04EC0-301F-11D3-BF4B-00C04F79EFBC}") = "IMS.WebApp", "IMS.WebApp\IMS.WebApp.csproj", "{06E9F9D0-C8EF-41A4-BD27-6A760DFBBE01}"
EndProject
Global
	GlobalSection(SolutionConfigurationPlatforms) = preSolution
		Debug|Any CPU = Debug|Any CPU
		Release|Any CPU = Release|Any CPU
	EndGlobalSection
	GlobalSection(ProjectConfigurationPlatforms) = postSolution
		{06E9F9D0-C8EF-41A4-BD27-6A760DFBBE01}.Debug|Any CPU.ActiveCfg = Debug|Any CPU
		{06E9F9D0-C8EF-41A4-BD27-6A760DFBBE01}.Debug|Any CPU.Build.0 = Debug|Any CPU
		{06E9F9D0-C8EF-41A4-BD27-6A760DFBBE01}.Release|Any CPU.ActiveCfg = Release|Any CPU
		{06E9F9D0-C8EF-41A4-BD27-6A760DFBBE01}.Release|Any CPU.Build.0 = Release|Any CPU
	EndGlobalSection
	GlobalSection(SolutionProperties) = preSolution
		HideSolutionNode = FALSE
	EndGlobalSection
	GlobalSection(ExtensibilityGlobals) = postSolution
		SolutionGuid = {D0C02F63-FAE2-47C3-8550-65EF873EE0F3}
	EndGlobalSection
EndGlobal
