
Microsoft Visual Studio Solution File, Format Version 12.00
# Visual Studio Version 17
VisualStudioVersion = 17.11.35303.130
MinimumVisualStudioVersion = 10.0.40219.1
Project("{9A19103F-16F7-4668-BE54-9A1E7A4F7556}") = "IMS.WebApp", "IMS.WebApp\IMS.WebApp.csproj", "{06E9F9D0-C8EF-41A4-BD27-6A760DFBBE01}"
EndProject
Project("{9A19103F-16F7-4668-BE54-9A1E7A4F7556}") = "IMS.UseCases", "IMS.UseCases\IMS.UseCases.csproj", "{6DDCD150-09B1-4EB8-949D-2A5D047ED355}"
EndProject
Project("{9A19103F-16F7-4668-BE54-9A1E7A4F7556}") = "IMS.CoreBusiness", "IMS.CoreBusiness\IMS.CoreBusiness.csproj", "{09AF6038-1DF0-4045-9943-24F443E4C2DB}"
EndProject
Project("{2150E333-8FDC-42A3-9474-1A3956D46DE8}") = "IMS.Plugins", "IMS.Plugins", "{A3F9E46C-662C-4DA4-846A-C749276D3AA9}"
EndProject
Project("{9A19103F-16F7-4668-BE54-9A1E7A4F7556}") = "IMS.Plugins.InMemory", "IMS.Plguins\IMS.Plugins.InMemory\IMS.Plugins.InMemory.csproj", "{457F2A75-D189-43CF-B03E-47E19CD5D75C}"
EndProject
Global
	GlobalSection(SolutionConfigurationPlatforms) = preSolution
		Debug|Any CPU = Debug|Any CPU
		Release|Any CPU = Release|Any CPU
	EndGlobalSection
	GlobalSection(ProjectConfigurationPlatforms) = postSolution
		{06E9F9D0-C8EF-41A4-BD27-6A760DFBBE01}.Debug|Any CPU.ActiveCfg = Debug|Any CPU
		{06E9F9D0-C8EF-41A4-BD27-6A760DFBBE01}.Debug|Any CPU.Build.0 = Debug|Any CPU
		{06E9F9D0-C8EF-41A4-BD27-6A760DFBBE01}.Release|Any CPU.ActiveCfg = Release|Any CPU
		{06E9F9D0-C8EF-41A4-BD27-6A760DFBBE01}.Release|Any CPU.Build.0 = Release|Any CPU
		{6DDCD150-09B1-4EB8-949D-2A5D047ED355}.Debug|Any CPU.ActiveCfg = Debug|Any CPU
		{6DDCD150-09B1-4EB8-949D-2A5D047ED355}.Debug|Any CPU.Build.0 = Debug|Any CPU
		{6DDCD150-09B1-4EB8-949D-2A5D047ED355}.Release|Any CPU.ActiveCfg = Release|Any CPU
		{6DDCD150-09B1-4EB8-949D-2A5D047ED355}.Release|Any CPU.Build.0 = Release|Any CPU
		{09AF6038-1DF0-4045-9943-24F443E4C2DB}.Debug|Any CPU.ActiveCfg = Debug|Any CPU
		{09AF6038-1DF0-4045-9943-24F443E4C2DB}.Debug|Any CPU.Build.0 = Debug|Any CPU
		{09AF6038-1DF0-4045-9943-24F443E4C2DB}.Release|Any CPU.ActiveCfg = Release|Any CPU
		{09AF6038-1DF0-4045-9943-24F443E4C2DB}.Release|Any CPU.Build.0 = Release|Any CPU
		{457F2A75-D189-43CF-B03E-47E19CD5D75C}.Debug|Any CPU.ActiveCfg = Debug|Any CPU
		{457F2A75-D189-43CF-B03E-47E19CD5D75C}.Debug|Any CPU.Build.0 = Debug|Any CPU
		{457F2A75-D189-43CF-B03E-47E19CD5D75C}.Release|Any CPU.ActiveCfg = Release|Any CPU
		{457F2A75-D189-43CF-B03E-47E19CD5D75C}.Release|Any CPU.Build.0 = Release|Any CPU
	EndGlobalSection
	GlobalSection(SolutionProperties) = preSolution
		HideSolutionNode = FALSE
	EndGlobalSection
	GlobalSection(NestedProjects) = preSolution
		{457F2A75-D189-43CF-B03E-47E19CD5D75C} = {A3F9E46C-662C-4DA4-846A-C749276D3AA9}
	EndGlobalSection
	GlobalSection(ExtensibilityGlobals) = postSolution
		SolutionGuid = {D0C02F63-FAE2-47C3-8550-65EF873EE0F3}
	EndGlobalSection
EndGlobal
